version: 1
packs:
  cloud:
    installed: true
    enabled: true
  dns:
    installed: true
    enabled: true
  example:
    installed: true
    enabled: true
  inventory:
    installed: false
    enabled: false
  network:
    installed: false
    enabled: false
  service-catalog:
    installed: true
    enabled: true
